
Microsoft Visual Studio Solution File, Format Version 12.00
# Visual Studio Version 17
VisualStudioVersion = 17.5.33516.290
MinimumVisualStudioVersion = 10.0.40219.1
Project("{9A19103F-16F7-4668-BE54-9A1E7A4F7556}") = "containership", "containership\containership.csproj", "{29893291-CE89-426A-B7D2-3E1A66C757D7}"
EndProject
Project("{FAE04EC0-301F-11D3-BF4B-00C04F79EFBC}") = "containershipTests", "containershipTests\containershipTests.csproj", "{A6034596-6F88-4A57-8D3C-3D44614BE011}"
EndProject
Global
	GlobalSection(SolutionConfigurationPlatforms) = preSolution
		Debug|Any CPU = Debug|Any CPU
		Release|Any CPU = Release|Any CPU
	EndGlobalSection
	GlobalSection(ProjectConfigurationPlatforms) = postSolution
		{29893291-CE89-426A-B7D2-3E1A66C757D7}.Debug|Any CPU.ActiveCfg = Debug|Any CPU
		{29893291-CE89-426A-B7D2-3E1A66C757D7}.Debug|Any CPU.Build.0 = Debug|Any CPU
		{29893291-CE89-426A-B7D2-3E1A66C757D7}.Release|Any CPU.ActiveCfg = Release|Any CPU
		{29893291-CE89-426A-B7D2-3E1A66C757D7}.Release|Any CPU.Build.0 = Release|Any CPU
		{A6034596-6F88-4A57-8D3C-3D44614BE011}.Debug|Any CPU.ActiveCfg = Debug|Any CPU
		{A6034596-6F88-4A57-8D3C-3D44614BE011}.Debug|Any CPU.Build.0 = Debug|Any CPU
		{A6034596-6F88-4A57-8D3C-3D44614BE011}.Release|Any CPU.ActiveCfg = Release|Any CPU
		{A6034596-6F88-4A57-8D3C-3D44614BE011}.Release|Any CPU.Build.0 = Release|Any CPU
	EndGlobalSection
	GlobalSection(SolutionProperties) = preSolution
		HideSolutionNode = FALSE
	EndGlobalSection
	GlobalSection(ExtensibilityGlobals) = postSolution
		SolutionGuid = {F49DEEB4-37E0-4E71-B561-4E57DBE04DC9}
	EndGlobalSection
EndGlobal
